
Microsoft Visual Studio Solution File, Format Version 12.00
# Visual Studio Version 17
VisualStudioVersion = 17.1.32210.238
MinimumVisualStudioVersion = 10.0.40219.1
Project("{8BC9CEB8-8B4A-11D0-8D11-00A0C91BC942}") = "WinMute", "WinMute\WinMute.vcxproj", "{479D2958-3FFC-43F8-8217-44D0FF9C11B1}"
EndProject
Project("{8BC9CEB8-8B4A-11D0-8D11-00A0C91BC942}") = "ScreensaverNotify", "ScreensaverNotify\ScreensaverNotify.vcxproj", "{238ED265-3248-4042-BE8A-2EDE6C481CBC}"
EndProject
Project("{8BC9CEB8-8B4A-11D0-8D11-00A0C91BC942}") = "ScreensaverNotify32", "ScreensaverNotify32\ScreensaverNotify32.vcxproj", "{AB1F1ADA-1D35-4052-867C-430D69D1AD4C}"
EndProject
Project("{8BC9CEB8-8B4A-11D0-8D11-00A0C91BC942}") = "ScreensaverProxy32", "ScreensaverProxy32\ScreensaverProxy32.vcxproj", "{7214696D-B598-435D-8622-AD4AE3755D28}"
EndProject
Project("{54435603-DBB4-11D2-8724-00A0C9A8B90C}") = "Setup", "Setup\Setup.vdproj", "{32108F6D-9488-4EB0-A9E8-B613F8B7D32B}"
EndProject
Global
	GlobalSection(SolutionConfigurationPlatforms) = preSolution
		Debug|x64 = Debug|x64
		Debug|x86 = Debug|x86
		Release|x64 = Release|x64
		Release|x86 = Release|x86
	EndGlobalSection
	GlobalSection(ProjectConfigurationPlatforms) = postSolution
		{479D2958-3FFC-43F8-8217-44D0FF9C11B1}.Debug|x64.ActiveCfg = Debug|x64
		{479D2958-3FFC-43F8-8217-44D0FF9C11B1}.Debug|x64.Build.0 = Debug|x64
		{479D2958-3FFC-43F8-8217-44D0FF9C11B1}.Debug|x86.ActiveCfg = Debug|Win32
		{479D2958-3FFC-43F8-8217-44D0FF9C11B1}.Debug|x86.Build.0 = Debug|Win32
		{479D2958-3FFC-43F8-8217-44D0FF9C11B1}.Release|x64.ActiveCfg = Release|x64
		{479D2958-3FFC-43F8-8217-44D0FF9C11B1}.Release|x64.Build.0 = Release|x64
		{479D2958-3FFC-43F8-8217-44D0FF9C11B1}.Release|x86.ActiveCfg = Release|Win32
		{479D2958-3FFC-43F8-8217-44D0FF9C11B1}.Release|x86.Build.0 = Release|Win32
		{238ED265-3248-4042-BE8A-2EDE6C481CBC}.Debug|x64.ActiveCfg = Debug|x64
		{238ED265-3248-4042-BE8A-2EDE6C481CBC}.Debug|x64.Build.0 = Debug|x64
		{238ED265-3248-4042-BE8A-2EDE6C481CBC}.Debug|x86.ActiveCfg = Debug|Win32
		{238ED265-3248-4042-BE8A-2EDE6C481CBC}.Debug|x86.Build.0 = Debug|Win32
		{238ED265-3248-4042-BE8A-2EDE6C481CBC}.Release|x64.ActiveCfg = Release|x64
		{238ED265-3248-4042-BE8A-2EDE6C481CBC}.Release|x64.Build.0 = Release|x64
		{238ED265-3248-4042-BE8A-2EDE6C481CBC}.Release|x86.ActiveCfg = Release|Win32
		{238ED265-3248-4042-BE8A-2EDE6C481CBC}.Release|x86.Build.0 = Release|Win32
		{AB1F1ADA-1D35-4052-867C-430D69D1AD4C}.Debug|x64.ActiveCfg = Debug|Win32
		{AB1F1ADA-1D35-4052-867C-430D69D1AD4C}.Debug|x64.Build.0 = Debug|Win32
		{AB1F1ADA-1D35-4052-867C-430D69D1AD4C}.Debug|x86.ActiveCfg = Debug|Win32
		{AB1F1ADA-1D35-4052-867C-430D69D1AD4C}.Debug|x86.Build.0 = Debug|Win32
		{AB1F1ADA-1D35-4052-867C-430D69D1AD4C}.Release|x64.ActiveCfg = Release|x64
		{AB1F1ADA-1D35-4052-867C-430D69D1AD4C}.Release|x64.Build.0 = Release|x64
		{AB1F1ADA-1D35-4052-867C-430D69D1AD4C}.Release|x86.ActiveCfg = Release|Win32
		{AB1F1ADA-1D35-4052-867C-430D69D1AD4C}.Release|x86.Build.0 = Release|Win32
		{7214696D-B598-435D-8622-AD4AE3755D28}.Debug|x64.ActiveCfg = Debug|Win32
		{7214696D-B598-435D-8622-AD4AE3755D28}.Debug|x64.Build.0 = Debug|Win32
		{7214696D-B598-435D-8622-AD4AE3755D28}.Debug|x86.ActiveCfg = Debug|Win32
		{7214696D-B598-435D-8622-AD4AE3755D28}.Debug|x86.Build.0 = Debug|Win32
		{7214696D-B598-435D-8622-AD4AE3755D28}.Release|x64.ActiveCfg = Release|x64
		{7214696D-B598-435D-8622-AD4AE3755D28}.Release|x64.Build.0 = Release|x64
		{7214696D-B598-435D-8622-AD4AE3755D28}.Release|x86.ActiveCfg = Release|Win32
		{7214696D-B598-435D-8622-AD4AE3755D28}.Release|x86.Build.0 = Release|Win32
		{32108F6D-9488-4EB0-A9E8-B613F8B7D32B}.Debug|x64.ActiveCfg = Debug
		{32108F6D-9488-4EB0-A9E8-B613F8B7D32B}.Debug|x86.ActiveCfg = Debug
		{32108F6D-9488-4EB0-A9E8-B613F8B7D32B}.Release|x64.ActiveCfg = Release
		{32108F6D-9488-4EB0-A9E8-B613F8B7D32B}.Release|x64.Build.0 = Release
		{32108F6D-9488-4EB0-A9E8-B613F8B7D32B}.Release|x86.ActiveCfg = Release
	EndGlobalSection
	GlobalSection(SolutionProperties) = preSolution
		HideSolutionNode = FALSE
	EndGlobalSection
	GlobalSection(ExtensibilityGlobals) = postSolution
		SolutionGuid = {302C5470-9998-4A12-A027-07D24C9FC8FA}
	EndGlobalSection
EndGlobal
