<?xml version="1.0" encoding="utf-8"?>
<Project ToolsVersion="4.0" xmlns="http://schemas.microsoft.com/developer/msbuild/2003">
  <ItemGroup>
    <Filter Include="Source Files">
      <UniqueIdentifier>{4FC737F1-C7A5-4376-A066-2A32D752A2FF}</UniqueIdentifier>
      <Extensions>cpp;c;cc;cxx;def;odl;idl;hpj;bat;asm;asmx</Extensions>
    </Filter>
    <Filter Include="Resource Files">
      <UniqueIdentifier>{67DA6AB6-F800-4c08-8B7A-83BB121AAD01}</UniqueIdentifier>
      <Extensions>rc;ico;cur;bmp;dlg;rc2;rct;bin;rgs;gif;jpg;jpeg;jpe;resx;tiff;tif;png;wav</Extensions>
    </Filter>
    <Filter Include="Source Files\Audio">
      <UniqueIdentifier>{065a6082-9732-43e4-ad7b-714757809908}</UniqueIdentifier>
    </Filter>
    <Filter Include="Source Files\UI">
      <UniqueIdentifier>{19d0b819-b48e-4418-917c-f92abc4c2160}</UniqueIdentifier>
    </Filter>
    <Filter Include="Source Files\Audio\Vista Notification">
      <UniqueIdentifier>{4ea37611-be22-4541-bfcb-ca9d271b5166}</UniqueIdentifier>
    </Filter>
    <Filter Include="Source Files\Helper">
      <UniqueIdentifier>{aca601be-bf13-4396-89b2-8252b3fd2703}</UniqueIdentifier>
    </Filter>
    <Filter Include="Source Files\Settings">
      <UniqueIdentifier>{f9c118fc-0a72-4278-a710-841604aeb3e3}</UniqueIdentifier>
    </Filter>
  </ItemGroup>
  <ItemGroup>
    <ClCompile Include="StdAfx.cpp">
      <Filter>Source Files</Filter>
    </ClCompile>
    <ClCompile Include="WinMain.cpp">
      <Filter>Source Files</Filter>
    </ClCompile>
    <ClCompile Include="WinMute.cpp">
      <Filter>Source Files</Filter>
    </ClCompile>
    <ClCompile Include="VistaAudio.cpp">
      <Filter>Source Files\Audio</Filter>
    </ClCompile>
    <ClCompile Include="TrayIcon.cpp">
      <Filter>Source Files\UI</Filter>
    </ClCompile>
    <ClCompile Include="AboutDlg.cpp">
      <Filter>Source Files\UI</Filter>
    </ClCompile>
    <ClCompile Include="VistaAudioSessionEvents.cpp">
      <Filter>Source Files\Audio\Vista Notification</Filter>
    </ClCompile>
    <ClCompile Include="MMNotificationClient.cpp">
      <Filter>Source Files\Audio\Vista Notification</Filter>
    </ClCompile>
    <ClCompile Include="ScreensaverNotifier.cpp">
      <Filter>Source Files\Helper</Filter>
    </ClCompile>
    <ClCompile Include="Utility.cpp">
      <Filter>Source Files\Helper</Filter>
    </ClCompile>
    <ClCompile Include="Settings.cpp">
      <Filter>Source Files\Settings</Filter>
    </ClCompile>
  </ItemGroup>
  <ItemGroup>
    <ClInclude Include="resource.h">
      <Filter>Source Files\UI</Filter>
    </ClInclude>
    <ClInclude Include="StdAfx.h">
      <Filter>Source Files</Filter>
    </ClInclude>
    <ClInclude Include="TrayIcon.h">
      <Filter>Source Files\UI</Filter>
    </ClInclude>
    <ClInclude Include="WinAudio.h">
      <Filter>Source Files\Audio</Filter>
    </ClInclude>
    <ClInclude Include="WinMute.h">
      <Filter>Source Files</Filter>
    </ClInclude>
    <ClInclude Include="VistaAudioSessionEvents.h">
      <Filter>Source Files\Audio\Vista Notification</Filter>
    </ClInclude>
    <ClInclude Include="MMNotificationClient.h">
      <Filter>Source Files\Audio\Vista Notification</Filter>
    </ClInclude>
    <ClInclude Include="ScreensaverNotifier.h">
      <Filter>Source Files\Helper</Filter>
    </ClInclude>
    <ClInclude Include="VersionHelper.h">
      <Filter>Source Files\Helper</Filter>
    </ClInclude>
    <ClInclude Include="Settings.h">
      <Filter>Source Files\Settings</Filter>
    </ClInclude>
  </ItemGroup>
  <ItemGroup>
    <None Include="app.ico">
      <Filter>Resource Files</Filter>
    </None>
    <None Include="tray.ico">
      <Filter>Resource Files</Filter>
    </None>
  </ItemGroup>
  <ItemGroup>
    <ResourceCompile Include="res.rc">
      <Filter>Resource Files</Filter>
    </ResourceCompile>
  </ItemGroup>
</Project>