<?xml version="1.0" encoding="utf-8"?>
<Project ToolsVersion="4.0" xmlns="http://schemas.microsoft.com/developer/msbuild/2003">
  <ItemGroup>
    <Filter Include="Source Files">
      <UniqueIdentifier>{4FC737F1-C7A5-4376-A066-2A32D752A2FF}</UniqueIdentifier>
      <Extensions>cpp;c;cc;cxx;c++;cppm;ixx;def;odl;idl;hpj;bat;asm;asmx</Extensions>
    </Filter>
    <Filter Include="Resource Files">
      <UniqueIdentifier>{67DA6AB6-F800-4c08-8B7A-83BB121AAD01}</UniqueIdentifier>
      <Extensions>rc;ico;cur;bmp;dlg;rc2;rct;bin;rgs;gif;jpg;jpeg;jpe;resx;tiff;tif;png;wav;mfcribbon-ms</Extensions>
    </Filter>
    <Filter Include="Source Files\UI">
      <UniqueIdentifier>{8054b676-f98f-4a0b-bf41-266bac229306}</UniqueIdentifier>
    </Filter>
    <Filter Include="Source Files\Controllers">
      <UniqueIdentifier>{8ace85b5-3ff6-415f-91e0-f14665e8392d}</UniqueIdentifier>
    </Filter>
    <Filter Include="Source Files\Controllers\QuietHours">
      <UniqueIdentifier>{006ee102-2667-484e-91ac-7ace0b94711a}</UniqueIdentifier>
    </Filter>
    <Filter Include="Source Files\Controllers\Muting">
      <UniqueIdentifier>{10644ce7-c96f-4c74-9d5b-a2d66957235b}</UniqueIdentifier>
    </Filter>
    <Filter Include="Source Files\Base">
      <UniqueIdentifier>{8d380999-372a-406c-b3d1-602d609c150c}</UniqueIdentifier>
    </Filter>
    <Filter Include="Source Files\Base\Settings">
      <UniqueIdentifier>{0cfb448e-c954-4181-96c8-c89e8d1728aa}</UniqueIdentifier>
    </Filter>
    <Filter Include="Source Files\Base\Log">
      <UniqueIdentifier>{b90f43eb-497c-4b84-b7d9-df7a809e9cab}</UniqueIdentifier>
    </Filter>
    <Filter Include="Source Files\Base\Helper">
      <UniqueIdentifier>{5f81f4a6-31a5-4c91-8563-6b63f79478fc}</UniqueIdentifier>
    </Filter>
    <Filter Include="Source Files\Controllers\Muting\Audio">
      <UniqueIdentifier>{6fe7a132-28a9-4b7b-aa69-1380069e7ee3}</UniqueIdentifier>
    </Filter>
    <Filter Include="Source Files\Controllers\Muting\Audio\VistaAudio">
      <UniqueIdentifier>{50123732-775b-41e8-9f2b-fc5925475924}</UniqueIdentifier>
    </Filter>
    <Filter Include="Source Files\Main">
      <UniqueIdentifier>{a30e53a3-8e2a-4955-b138-f2cbc8e92f9f}</UniqueIdentifier>
    </Filter>
    <Filter Include="Source Files\UI\Dialogs">
      <UniqueIdentifier>{4879e951-6a56-461d-adcb-b4fca14928a6}</UniqueIdentifier>
    </Filter>
    <Filter Include="Source Files\UI\TrayIcon">
      <UniqueIdentifier>{21b7f94e-74d0-4737-bd72-da855556df2d}</UniqueIdentifier>
    </Filter>
    <Filter Include="Source Files\UI\Dialogs\Settings">
      <UniqueIdentifier>{c4de9bea-a833-43ac-8021-6e5cf7d048e8}</UniqueIdentifier>
    </Filter>
    <Filter Include="Source Files\Controllers\WiFi">
      <UniqueIdentifier>{a804b525-296b-455b-a1bc-d8fdbf5a9c3d}</UniqueIdentifier>
    </Filter>
    <Filter Include="Source Files\Controllers\Bluetooth">
      <UniqueIdentifier>{5cab523c-1a5a-4429-b495-b630124865d6}</UniqueIdentifier>
    </Filter>
    <Filter Include="Translations">
      <UniqueIdentifier>{959a5f00-8238-460f-aaba-1b1d9e9ea7ca}</UniqueIdentifier>
    </Filter>
    <Filter Include="Source Files\_External">
      <UniqueIdentifier>{825b7134-b70c-4e13-a95a-0a72645b1ec4}</UniqueIdentifier>
    </Filter>
  </ItemGroup>
  <ItemGroup>
    <ClInclude Include="WinAudio.h">
      <Filter>Source Files\Controllers\Muting\Audio</Filter>
    </ClInclude>
    <ClInclude Include="MMNotificationClient.h">
      <Filter>Source Files\Controllers\Muting\Audio\VistaAudio</Filter>
    </ClInclude>
    <ClInclude Include="VistaAudioSessionEvents.h">
      <Filter>Source Files\Controllers\Muting\Audio\VistaAudio</Filter>
    </ClInclude>
    <ClInclude Include="WMLog.h">
      <Filter>Source Files\Base\Log</Filter>
    </ClInclude>
    <ClInclude Include="WMSettings.h">
      <Filter>Source Files\Base\Settings</Filter>
    </ClInclude>
    <ClInclude Include="VersionHelper.h">
      <Filter>Source Files\Base\Helper</Filter>
    </ClInclude>
    <ClInclude Include="WinMute.h">
      <Filter>Source Files\Main</Filter>
    </ClInclude>
    <ClInclude Include="common.h">
      <Filter>Source Files</Filter>
    </ClInclude>
    <ClInclude Include="TrayIcon.h">
      <Filter>Source Files\UI\TrayIcon</Filter>
    </ClInclude>
    <ClInclude Include="QuietHoursTimer.h">
      <Filter>Source Files\Controllers\QuietHours</Filter>
    </ClInclude>
    <ClInclude Include="MuteControl.h">
      <Filter>Source Files\Controllers\Muting</Filter>
    </ClInclude>
    <ClInclude Include="WiFiDetector.h">
      <Filter>Source Files\Controllers\WiFi</Filter>
    </ClInclude>
    <ClInclude Include="BluetoothDetector.h">
      <Filter>Source Files\Controllers\Bluetooth</Filter>
    </ClInclude>
    <ClInclude Include="WMi18n.h">
      <Filter>Source Files\Base\Settings</Filter>
    </ClInclude>
    <ClInclude Include="resource.h" />
    <ClInclude Include="libs\json.hpp">
      <Filter>Source Files\_External</Filter>
    </ClInclude>
    <ClInclude Include="UpdateChecker.h">
      <Filter>Source Files\Base\Settings</Filter>
    </ClInclude>
    <ClInclude Include="Utility.h">
      <Filter>Source Files\Base\Helper</Filter>
    </ClInclude>
  </ItemGroup>
  <ItemGroup>
    <ResourceCompile Include="WinMute.rc">
      <Filter>Resource Files</Filter>
    </ResourceCompile>
  </ItemGroup>
  <ItemGroup>
    <Image Include="icons\app.ico">
      <Filter>Resource Files</Filter>
    </Image>
    <Image Include="icons\settings.ico">
      <Filter>Resource Files</Filter>
    </Image>
    <Image Include="icons\app-update.ico">
      <Filter>Resource Files</Filter>
    </Image>
  </ItemGroup>
  <ItemGroup>
    <ClCompile Include="VistaAudio.cpp">
      <Filter>Source Files\Controllers\Muting\Audio</Filter>
    </ClCompile>
    <ClCompile Include="MMNotificationClient.cpp">
      <Filter>Source Files\Controllers\Muting\Audio\VistaAudio</Filter>
    </ClCompile>
    <ClCompile Include="VistaAudioSessionEvents.cpp">
      <Filter>Source Files\Controllers\Muting\Audio\VistaAudio</Filter>
    </ClCompile>
    <ClCompile Include="Utility.cpp">
      <Filter>Source Files\Base\Helper</Filter>
    </ClCompile>
    <ClCompile Include="WMLog.cpp">
      <Filter>Source Files\Base\Log</Filter>
    </ClCompile>
    <ClCompile Include="WMSettings.cpp">
      <Filter>Source Files\Base\Settings</Filter>
    </ClCompile>
    <ClCompile Include="WinMain.cpp">
      <Filter>Source Files\Main</Filter>
    </ClCompile>
    <ClCompile Include="WinMute.cpp">
      <Filter>Source Files\Main</Filter>
    </ClCompile>
    <ClCompile Include="common.cpp">
      <Filter>Source Files</Filter>
    </ClCompile>
    <ClCompile Include="TrayIcon.cpp">
      <Filter>Source Files\UI\TrayIcon</Filter>
    </ClCompile>
    <ClCompile Include="QuietHoursTimer.cpp">
      <Filter>Source Files\Controllers\QuietHours</Filter>
    </ClCompile>
    <ClCompile Include="MuteControl.cpp">
      <Filter>Source Files\Controllers\Muting</Filter>
    </ClCompile>
    <ClCompile Include="SettingsDlg.cpp">
      <Filter>Source Files\UI\Dialogs\Settings</Filter>
    </ClCompile>
    <ClCompile Include="Settings_QuietHoursDlg.cpp">
      <Filter>Source Files\UI\Dialogs\Settings</Filter>
    </ClCompile>
    <ClCompile Include="Settings_GeneralDlg.cpp">
      <Filter>Source Files\UI\Dialogs\Settings</Filter>
    </ClCompile>
    <ClCompile Include="Settings_MuteDlg.cpp">
      <Filter>Source Files\UI\Dialogs\Settings</Filter>
    </ClCompile>
    <ClCompile Include="Settings_WifiDlg.cpp">
      <Filter>Source Files\UI\Dialogs\Settings</Filter>
    </ClCompile>
    <ClCompile Include="WifiDetector.cpp">
      <Filter>Source Files\Controllers\WiFi</Filter>
    </ClCompile>
    <ClCompile Include="Settings_BluetoothDlg.cpp">
      <Filter>Source Files\UI\Dialogs\Settings</Filter>
    </ClCompile>
    <ClCompile Include="BluetoothDetector.cpp">
      <Filter>Source Files\Controllers\Bluetooth</Filter>
    </ClCompile>
    <ClCompile Include="Settings_ManageEndpointsDlg.cpp">
      <Filter>Source Files\UI\Dialogs\Settings</Filter>
    </ClCompile>
    <ClCompile Include="WMi18n.cpp">
      <Filter>Source Files\Base\Settings</Filter>
    </ClCompile>
    <ClCompile Include="UpdateChecker.cpp">
      <Filter>Source Files\Base\Settings</Filter>
    </ClCompile>
    <ClCompile Include="AboutDlg.cpp">
      <Filter>Source Files\UI\Dialogs\Settings</Filter>
    </ClCompile>
    <ClCompile Include="LogDialog.cpp">
      <Filter>Source Files\UI\Dialogs</Filter>
    </ClCompile>
  </ItemGroup>
  <ItemGroup>
    <CustomBuild Include="..\Translations\lang-de.json">
      <Filter>Translations</Filter>
    </CustomBuild>
    <CustomBuild Include="..\Translations\lang-en.json">
      <Filter>Translations</Filter>
    </CustomBuild>
    <CustomBuild Include="..\Translations\lang-it.json">
      <Filter>Translations</Filter>
    </CustomBuild>
    <CustomBuild Include="..\Translations\lang-es.json">
      <Filter>Translations</Filter>
    </CustomBuild>
    <CustomBuild Include="..\Translations\lang-nl.json">
      <Filter>Translations</Filter>
    </CustomBuild>
    <CustomBuild Include="..\Translations\lang-zh_Hans.json">
      <Filter>Translations</Filter>
    </CustomBuild>
    <CustomBuild Include="..\Translations\lang-fr.json">
      <Filter>Translations</Filter>
    </CustomBuild>
    <CustomBuild Include="..\Translations\lang-lv.json">
      <Filter>Translations</Filter>
    </CustomBuild>
    <CustomBuild Include="..\Translations\lang-ro.json">
      <Filter>Translations</Filter>
    </CustomBuild>
    <CustomBuild Include="..\Translations\lang-ru.json">
      <Filter>Translations</Filter>
    </CustomBuild>
    <CustomBuild Include="..\Translations\lang-ko.json">
      <Filter>Translations</Filter>
    </CustomBuild>
  </ItemGroup>
</Project>